
Microsoft Visual Studio Solution File, Format Version 12.00
Project("{FAE04EC0-301F-11D3-BF4B-00C04F79EFBC}") = "Service.Migrations", "Service.Migrations\Service.Migrations.csproj", "{03FC7BF1-9463-4FD2-96FE-0B1AED08AC93}"
EndProject
Project("{FAE04EC0-301F-11D3-BF4B-00C04F79EFBC}") = "Service.WebApi", "Service.WebApi\Service.WebApi.csproj", "{C0AA2469-C176-4472-AE72-F58FDD7396D4}"
EndProject
Project("{FAE04EC0-301F-11D3-BF4B-00C04F79EFBC}") = "Service2.Migrations", "Service2.Migrations\Service2.Migrations.csproj", "{8169E6DE-1C7D-4D66-8D14-B055DB60B4AA}"
EndProject
Global
	GlobalSection(SolutionConfigurationPlatforms) = preSolution
		Debug|Any CPU = Debug|Any CPU
		Release|Any CPU = Release|Any CPU
	EndGlobalSection
	GlobalSection(ProjectConfigurationPlatforms) = postSolution
		{03FC7BF1-9463-4FD2-96FE-0B1AED08AC93}.Debug|Any CPU.ActiveCfg = Debug|Any CPU
		{03FC7BF1-9463-4FD2-96FE-0B1AED08AC93}.Debug|Any CPU.Build.0 = Debug|Any CPU
		{03FC7BF1-9463-4FD2-96FE-0B1AED08AC93}.Release|Any CPU.ActiveCfg = Release|Any CPU
		{03FC7BF1-9463-4FD2-96FE-0B1AED08AC93}.Release|Any CPU.Build.0 = Release|Any CPU
		{C0AA2469-C176-4472-AE72-F58FDD7396D4}.Debug|Any CPU.ActiveCfg = Debug|Any CPU
		{C0AA2469-C176-4472-AE72-F58FDD7396D4}.Debug|Any CPU.Build.0 = Debug|Any CPU
		{C0AA2469-C176-4472-AE72-F58FDD7396D4}.Release|Any CPU.ActiveCfg = Release|Any CPU
		{C0AA2469-C176-4472-AE72-F58FDD7396D4}.Release|Any CPU.Build.0 = Release|Any CPU
		{8169E6DE-1C7D-4D66-8D14-B055DB60B4AA}.Debug|Any CPU.ActiveCfg = Debug|Any CPU
		{8169E6DE-1C7D-4D66-8D14-B055DB60B4AA}.Debug|Any CPU.Build.0 = Debug|Any CPU
		{8169E6DE-1C7D-4D66-8D14-B055DB60B4AA}.Release|Any CPU.ActiveCfg = Release|Any CPU
		{8169E6DE-1C7D-4D66-8D14-B055DB60B4AA}.Release|Any CPU.Build.0 = Release|Any CPU
	EndGlobalSection
EndGlobal
